
Microsoft Visual Studio Solution File, Format Version 12.00
# Visual Studio Version 16
VisualStudioVersion = 16.0.29806.167
MinimumVisualStudioVersion = 10.0.40219.1
Project("{FAE04EC0-301F-11D3-BF4B-00C04F79EFBC}") = "Crud.Web", "Crud.Web\Crud.Web.csproj", "{96771F76-8F02-4F29-8AB7-69BC9ADEE71C}"
EndProject
Project("{FAE04EC0-301F-11D3-BF4B-00C04F79EFBC}") = "Crud.Domain", "Crud.Domain\Crud.Domain.csproj", "{8813403D-9865-4261-A17D-57CBAF34EAC0}"
EndProject
Project("{FAE04EC0-301F-11D3-BF4B-00C04F79EFBC}") = "Crud.Repository", "Crud.Repository\Crud.Repository.csproj", "{884DD103-8B4F-4E4D-82AD-58C89819833D}"
EndProject
Global
	GlobalSection(SolutionConfigurationPlatforms) = preSolution
		Debug|Any CPU = Debug|Any CPU
		Release|Any CPU = Release|Any CPU
	EndGlobalSection
	GlobalSection(ProjectConfigurationPlatforms) = postSolution
		{96771F76-8F02-4F29-8AB7-69BC9ADEE71C}.Debug|Any CPU.ActiveCfg = Debug|Any CPU
		{96771F76-8F02-4F29-8AB7-69BC9ADEE71C}.Debug|Any CPU.Build.0 = Debug|Any CPU
		{96771F76-8F02-4F29-8AB7-69BC9ADEE71C}.Release|Any CPU.ActiveCfg = Release|Any CPU
		{96771F76-8F02-4F29-8AB7-69BC9ADEE71C}.Release|Any CPU.Build.0 = Release|Any CPU
		{8813403D-9865-4261-A17D-57CBAF34EAC0}.Debug|Any CPU.ActiveCfg = Debug|Any CPU
		{8813403D-9865-4261-A17D-57CBAF34EAC0}.Debug|Any CPU.Build.0 = Debug|Any CPU
		{8813403D-9865-4261-A17D-57CBAF34EAC0}.Release|Any CPU.ActiveCfg = Release|Any CPU
		{8813403D-9865-4261-A17D-57CBAF34EAC0}.Release|Any CPU.Build.0 = Release|Any CPU
		{884DD103-8B4F-4E4D-82AD-58C89819833D}.Debug|Any CPU.ActiveCfg = Debug|Any CPU
		{884DD103-8B4F-4E4D-82AD-58C89819833D}.Debug|Any CPU.Build.0 = Debug|Any CPU
		{884DD103-8B4F-4E4D-82AD-58C89819833D}.Release|Any CPU.ActiveCfg = Release|Any CPU
		{884DD103-8B4F-4E4D-82AD-58C89819833D}.Release|Any CPU.Build.0 = Release|Any CPU
	EndGlobalSection
	GlobalSection(SolutionProperties) = preSolution
		HideSolutionNode = FALSE
	EndGlobalSection
	GlobalSection(ExtensibilityGlobals) = postSolution
		SolutionGuid = {B9C7176D-D4B5-477B-90D9-A406A8959AB6}
	EndGlobalSection
EndGlobal
